// !$*UTF8*$!
{
	archiveVersion = 1;
	classes = {
	};
	objectVersion = 50;
	objects = {

/* Begin PBXBuildFile section */
		67206B4A229CDC0E00CD0A96 /* AppDelegate.m in Sources */ = {isa = PBXBuildFile; fileRef = 67206B49229CDC0E00CD0A96 /* AppDelegate.m */; };
		67206B50229CDC0E00CD0A96 /* Main.storyboard in Resources */ = {isa = PBXBuildFile; fileRef = 67206B4E229CDC0E00CD0A96 /* Main.storyboard */; };
		67206B52229CDC0F00CD0A96 /* Assets.xcassets in Resources */ = {isa = PBXBuildFile; fileRef = 67206B51229CDC0F00CD0A96 /* Assets.xcassets */; };
		67206B55229CDC0F00CD0A96 /* LaunchScreen.storyboard in Resources */ = {isa = PBXBuildFile; fileRef = 67206B53229CDC0F00CD0A96 /* LaunchScreen.storyboard */; };
		67206B58229CDC0F00CD0A96 /* main.m in Sources */ = {isa = PBXBuildFile; fileRef = 67206B57229CDC0F00CD0A96 /* main.m */; };
		67206B65229CDD6600CD0A96 /* UIControllerMenu.m in Sources */ = {isa = PBXBuildFile; fileRef = 67206B64229CDD6600CD0A96 /* UIControllerMenu.m */; };
		67206B68229CDE2A00CD0A96 /* UICollectionViewTetrisLayout.m in Sources */ = {isa = PBXBuildFile; fileRef = 67206B67229CDE2A00CD0A96 /* UICollectionViewTetrisLayout.m */; };
		6740D787229CE0C00092E017 /* UICellMenuItem.m in Sources */ = {isa = PBXBuildFile; fileRef = 6740D785229CE0C00092E017 /* UICellMenuItem.m */; };
		6740D788229CE0C00092E017 /* UICellMenuItem.xib in Resources */ = {isa = PBXBuildFile; fileRef = 6740D786229CE0C00092E017 /* UICellMenuItem.xib */; };
		6740D78B229CE12A0092E017 /* UICellMenuItemModel.m in Sources */ = {isa = PBXBuildFile; fileRef = 6740D78A229CE12A0092E017 /* UICellMenuItemModel.m */; };
		677A1EDC229E5C99007E97DF /* UICollectionViewTetrisTests.m in Sources */ = {isa = PBXBuildFile; fileRef = 677A1EDB229E5C99007E97DF /* UICollectionViewTetrisTests.m */; };
/* End PBXBuildFile section */

/* Begin PBXContainerItemProxy section */
		677A1EDE229E5C99007E97DF /* PBXContainerItemProxy */ = {
			isa = PBXContainerItemProxy;
			containerPortal = 67206B3D229CDC0E00CD0A96 /* Project object */;
			proxyType = 1;
			remoteGlobalIDString = 67206B44229CDC0E00CD0A96;
			remoteInfo = UICollectionViewTetris;
		};
/* End PBXContainerItemProxy section */

/* Begin PBXFileReference section */
		67206B45229CDC0E00CD0A96 /* UICollectionViewTetris.app */ = {isa = PBXFileReference; explicitFileType = wrapper.application; includeInIndex = 0; path = UICollectionViewTetris.app; sourceTree = BUILT_PRODUCTS_DIR; };
		67206B48229CDC0E00CD0A96 /* AppDelegate.h */ = {isa = PBXFileReference; lastKnownFileType = sourcecode.c.h; path = AppDelegate.h; sourceTree = "<group>"; };
		67206B49229CDC0E00CD0A96 /* AppDelegate.m */ = {isa = PBXFileReference; lastKnownFileType = sourcecode.c.objc; path = AppDelegate.m; sourceTree = "<group>"; };
		67206B4F229CDC0E00CD0A96 /* Base */ = {isa = PBXFileReference; lastKnownFileType = file.storyboard; name = Base; path = Base.lproj/Main.storyboard; sourceTree = "<group>"; };
		67206B51229CDC0F00CD0A96 /* Assets.xcassets */ = {isa = PBXFileReference; lastKnownFileType = folder.assetcatalog; path = Assets.xcassets; sourceTree = "<group>"; };
		67206B54229CDC0F00CD0A96 /* Base */ = {isa = PBXFileReference; lastKnownFileType = file.storyboard; name = Base; path = Base.lproj/LaunchScreen.storyboard; sourceTree = "<group>"; };
		67206B56229CDC0F00CD0A96 /* Info.plist */ = {isa = PBXFileReference; lastKnownFileType = text.plist.xml; path = Info.plist; sourceTree = "<group>"; };
		67206B57229CDC0F00CD0A96 /* main.m */ = {isa = PBXFileReference; lastKnownFileType = sourcecode.c.objc; path = main.m; sourceTree = "<group>"; };
		67206B63229CDD6600CD0A96 /* UIControllerMenu.h */ = {isa = PBXFileReference; lastKnownFileType = sourcecode.c.h; path = UIControllerMenu.h; sourceTree = "<group>"; };
		67206B64229CDD6600CD0A96 /* UIControllerMenu.m */ = {isa = PBXFileReference; lastKnownFileType = sourcecode.c.objc; path = UIControllerMenu.m; sourceTree = "<group>"; };
		67206B66229CDE2A00CD0A96 /* UICollectionViewTetrisLayout.h */ = {isa = PBXFileReference; lastKnownFileType = sourcecode.c.h; path = UICollectionViewTetrisLayout.h; sourceTree = "<group>"; };
		67206B67229CDE2A00CD0A96 /* UICollectionViewTetrisLayout.m */ = {isa = PBXFileReference; lastKnownFileType = sourcecode.c.objc; path = UICollectionViewTetrisLayout.m; sourceTree = "<group>"; };
		67206B69229CDF0100CD0A96 /* UICollectionViewDelegateTetrisLayout.h */ = {isa = PBXFileReference; lastKnownFileType = sourcecode.c.h; path = UICollectionViewDelegateTetrisLayout.h; sourceTree = "<group>"; };
		6740D784229CE0C00092E017 /* UICellMenuItem.h */ = {isa = PBXFileReference; lastKnownFileType = sourcecode.c.h; path = UICellMenuItem.h; sourceTree = "<group>"; };
		6740D785229CE0C00092E017 /* UICellMenuItem.m */ = {isa = PBXFileReference; lastKnownFileType = sourcecode.c.objc; path = UICellMenuItem.m; sourceTree = "<group>"; };
		6740D786229CE0C00092E017 /* UICellMenuItem.xib */ = {isa = PBXFileReference; lastKnownFileType = file.xib; path = UICellMenuItem.xib; sourceTree = "<group>"; };
		6740D789229CE12A0092E017 /* UICellMenuItemModel.h */ = {isa = PBXFileReference; lastKnownFileType = sourcecode.c.h; path = UICellMenuItemModel.h; sourceTree = "<group>"; };
		6740D78A229CE12A0092E017 /* UICellMenuItemModel.m */ = {isa = PBXFileReference; lastKnownFileType = sourcecode.c.objc; path = UICellMenuItemModel.m; sourceTree = "<group>"; };
		677A1ED9229E5C99007E97DF /* UICollectionViewTetrisTests.xctest */ = {isa = PBXFileReference; explicitFileType = wrapper.cfbundle; includeInIndex = 0; path = UICollectionViewTetrisTests.xctest; sourceTree = BUILT_PRODUCTS_DIR; };
		677A1EDB229E5C99007E97DF /* UICollectionViewTetrisTests.m */ = {isa = PBXFileReference; lastKnownFileType = sourcecode.c.objc; path = UICollectionViewTetrisTests.m; sourceTree = "<group>"; };
		677A1EDD229E5C99007E97DF /* Info.plist */ = {isa = PBXFileReference; lastKnownFileType = text.plist.xml; path = Info.plist; sourceTree = "<group>"; };
/* End PBXFileReference section */

/* Begin PBXFrameworksBuildPhase section */
		67206B42229CDC0E00CD0A96 /* Frameworks */ = {
			isa = PBXFrameworksBuildPhase;
			buildActionMask = 2147483647;
			files = (
			);
			runOnlyForDeploymentPostprocessing = 0;
		};
		677A1ED6229E5C99007E97DF /* Frameworks */ = {
			isa = PBXFrameworksBuildPhase;
			buildActionMask = 2147483647;
			files = (
			);
			runOnlyForDeploymentPostprocessing = 0;
		};
/* End PBXFrameworksBuildPhase section */

/* Begin PBXGroup section */
		67206B3C229CDC0E00CD0A96 = {
			isa = PBXGroup;
			children = (
				67206B47229CDC0E00CD0A96 /* UICollectionViewTetris */,
				677A1EDA229E5C99007E97DF /* UICollectionViewTetrisTests */,
				67206B46229CDC0E00CD0A96 /* Products */,
			);
			sourceTree = "<group>";
		};
		67206B46229CDC0E00CD0A96 /* Products */ = {
			isa = PBXGroup;
			children = (
				67206B45229CDC0E00CD0A96 /* UICollectionViewTetris.app */,
				677A1ED9229E5C99007E97DF /* UICollectionViewTetrisTests.xctest */,
			);
			name = Products;
			sourceTree = "<group>";
		};
		67206B47229CDC0E00CD0A96 /* UICollectionViewTetris */ = {
			isa = PBXGroup;
			children = (
				6740D783229CE09B0092E017 /* Menu */,
				67206B5E229CDC6800CD0A96 /* Tetris */,
				67206B48229CDC0E00CD0A96 /* AppDelegate.h */,
				67206B49229CDC0E00CD0A96 /* AppDelegate.m */,
				67206B4E229CDC0E00CD0A96 /* Main.storyboard */,
				67206B51229CDC0F00CD0A96 /* Assets.xcassets */,
				67206B53229CDC0F00CD0A96 /* LaunchScreen.storyboard */,
				67206B56229CDC0F00CD0A96 /* Info.plist */,
				67206B57229CDC0F00CD0A96 /* main.m */,
			);
			path = UICollectionViewTetris;
			sourceTree = "<group>";
		};
		67206B5E229CDC6800CD0A96 /* Tetris */ = {
			isa = PBXGroup;
			children = (
				67206B66229CDE2A00CD0A96 /* UICollectionViewTetrisLayout.h */,
				67206B67229CDE2A00CD0A96 /* UICollectionViewTetrisLayout.m */,
				67206B69229CDF0100CD0A96 /* UICollectionViewDelegateTetrisLayout.h */,
			);
			path = Tetris;
			sourceTree = "<group>";
		};
		6740D783229CE09B0092E017 /* Menu */ = {
			isa = PBXGroup;
			children = (
				67206B63229CDD6600CD0A96 /* UIControllerMenu.h */,
				67206B64229CDD6600CD0A96 /* UIControllerMenu.m */,
				6740D784229CE0C00092E017 /* UICellMenuItem.h */,
				6740D785229CE0C00092E017 /* UICellMenuItem.m */,
				6740D786229CE0C00092E017 /* UICellMenuItem.xib */,
				6740D789229CE12A0092E017 /* UICellMenuItemModel.h */,
				6740D78A229CE12A0092E017 /* UICellMenuItemModel.m */,
			);
			path = Menu;
			sourceTree = "<group>";
		};
		677A1EDA229E5C99007E97DF /* UICollectionViewTetrisTests */ = {
			isa = PBXGroup;
			children = (
				677A1EDB229E5C99007E97DF /* UICollectionViewTetrisTests.m */,
				677A1EDD229E5C99007E97DF /* Info.plist */,
			);
			path = UICollectionViewTetrisTests;
			sourceTree = "<group>";
		};
/* End PBXGroup section */

/* Begin PBXNativeTarget section */
		67206B44229CDC0E00CD0A96 /* UICollectionViewTetris */ = {
			isa = PBXNativeTarget;
			buildConfigurationList = 67206B5B229CDC0F00CD0A96 /* Build configuration list for PBXNativeTarget "UICollectionViewTetris" */;
			buildPhases = (
				67206B41229CDC0E00CD0A96 /* Sources */,
				67206B42229CDC0E00CD0A96 /* Frameworks */,
				67206B43229CDC0E00CD0A96 /* Resources */,
			);
			buildRules = (
			);
			dependencies = (
			);
			name = UICollectionViewTetris;
			productName = UICollectionViewTetris;
			productReference = 67206B45229CDC0E00CD0A96 /* UICollectionViewTetris.app */;
			productType = "com.apple.product-type.application";
		};
		677A1ED8229E5C99007E97DF /* UICollectionViewTetrisTests */ = {
			isa = PBXNativeTarget;
			buildConfigurationList = 677A1EE2229E5C99007E97DF /* Build configuration list for PBXNativeTarget "UICollectionViewTetrisTests" */;
			buildPhases = (
				677A1ED5229E5C99007E97DF /* Sources */,
				677A1ED6229E5C99007E97DF /* Frameworks */,
				677A1ED7229E5C99007E97DF /* Resources */,
			);
			buildRules = (
			);
			dependencies = (
				677A1EDF229E5C99007E97DF /* PBXTargetDependency */,
			);
			name = UICollectionViewTetrisTests;
			productName = UICollectionViewTetrisTests;
			productReference = 677A1ED9229E5C99007E97DF /* UICollectionViewTetrisTests.xctest */;
			productType = "com.apple.product-type.bundle.unit-test";
		};
/* End PBXNativeTarget section */

/* Begin PBXProject section */
		67206B3D229CDC0E00CD0A96 /* Project object */ = {
			isa = PBXProject;
			attributes = {
				LastUpgradeCheck = 1020;
				ORGANIZATIONNAME = "石显军";
				TargetAttributes = {
					67206B44229CDC0E00CD0A96 = {
						CreatedOnToolsVersion = 10.2.1;
					};
					677A1ED8229E5C99007E97DF = {
						CreatedOnToolsVersion = 10.2.1;
						TestTargetID = 67206B44229CDC0E00CD0A96;
					};
				};
			};
			buildConfigurationList = 67206B40229CDC0E00CD0A96 /* Build configuration list for PBXProject "UICollectionViewTetris" */;
			compatibilityVersion = "Xcode 9.3";
			developmentRegion = en;
			hasScannedForEncodings = 0;
			knownRegions = (
				en,
				Base,
			);
			mainGroup = 67206B3C229CDC0E00CD0A96;
			productRefGroup = 67206B46229CDC0E00CD0A96 /* Products */;
			projectDirPath = "";
			projectRoot = "";
			targets = (
				67206B44229CDC0E00CD0A96 /* UICollectionViewTetris */,
				677A1ED8229E5C99007E97DF /* UICollectionViewTetrisTests */,
			);
		};
/* End PBXProject section */

/* Begin PBXResourcesBuildPhase section */
		67206B43229CDC0E00CD0A96 /* Resources */ = {
			isa = PBXResourcesBuildPhase;
			buildActionMask = 2147483647;
			files = (
				67206B55229CDC0F00CD0A96 /* LaunchScreen.storyboard in Resources */,
				6740D788229CE0C00092E017 /* UICellMenuItem.xib in Resources */,
				67206B52229CDC0F00CD0A96 /* Assets.xcassets in Resources */,
				67206B50229CDC0E00CD0A96 /* Main.storyboard in Resources */,
			);
			runOnlyForDeploymentPostprocessing = 0;
		};
		677A1ED7229E5C99007E97DF /* Resources */ = {
			isa = PBXResourcesBuildPhase;
			buildActionMask = 2147483647;
			files = (
			);
			runOnlyForDeploymentPostprocessing = 0;
		};
/* End PBXResourcesBuildPhase section */

/* Begin PBXSourcesBuildPhase section */
		67206B41229CDC0E00CD0A96 /* Sources */ = {
			isa = PBXSourcesBuildPhase;
			buildActionMask = 2147483647;
			files = (
				6740D787229CE0C00092E017 /* UICellMenuItem.m in Sources */,
				67206B65229CDD6600CD0A96 /* UIControllerMenu.m in Sources */,
				67206B58229CDC0F00CD0A96 /* main.m in Sources */,
				67206B4A229CDC0E00CD0A96 /* AppDelegate.m in Sources */,
				67206B68229CDE2A00CD0A96 /* UICollectionViewTetrisLayout.m in Sources */,
				6740D78B229CE12A0092E017 /* UICellMenuItemModel.m in Sources */,
			);
			runOnlyForDeploymentPostprocessing = 0;
		};
		677A1ED5229E5C99007E97DF /* Sources */ = {
			isa = PBXSourcesBuildPhase;
			buildActionMask = 2147483647;
			files = (
				677A1EDC229E5C99007E97DF /* UICollectionViewTetrisTests.m in Sources */,
			);
			runOnlyForDeploymentPostprocessing = 0;
		};
/* End PBXSourcesBuildPhase section */

/* Begin PBXTargetDependency section */
		677A1EDF229E5C99007E97DF /* PBXTargetDependency */ = {
			isa = PBXTargetDependency;
			target = 67206B44229CDC0E00CD0A96 /* UICollectionViewTetris */;
			targetProxy = 677A1EDE229E5C99007E97DF /* PBXContainerItemProxy */;
		};
/* End PBXTargetDependency section */

/* Begin PBXVariantGroup section */
		67206B4E229CDC0E00CD0A96 /* Main.storyboard */ = {
			isa = PBXVariantGroup;
			children = (
				67206B4F229CDC0E00CD0A96 /* Base */,
			);
			name = Main.storyboard;
			sourceTree = "<group>";
		};
		67206B53229CDC0F00CD0A96 /* LaunchScreen.storyboard */ = {
			isa = PBXVariantGroup;
			children = (
				67206B54229CDC0F00CD0A96 /* Base */,
			);
			name = LaunchScreen.storyboard;
			sourceTree = "<group>";
		};
/* End PBXVariantGroup section */

/* Begin XCBuildConfiguration section */
		67206B59229CDC0F00CD0A96 /* Debug */ = {
			isa = XCBuildConfiguration;
			buildSettings = {
				ALWAYS_SEARCH_USER_PATHS = NO;
				CLANG_ANALYZER_NONNULL = YES;
				CLANG_ANALYZER_NUMBER_OBJECT_CONVERSION = YES_AGGRESSIVE;
				CLANG_CXX_LANGUAGE_STANDARD = "gnu++14";
				CLANG_CXX_LIBRARY = "libc++";
				CLANG_ENABLE_MODULES = YES;
				CLANG_ENABLE_OBJC_ARC = YES;
				CLANG_ENABLE_OBJC_WEAK = YES;
				CLANG_WARN_BLOCK_CAPTURE_AUTORELEASING = YES;
				CLANG_WARN_BOOL_CONVERSION = YES;
				CLANG_WARN_COMMA = YES;
				CLANG_WARN_CONSTANT_CONVERSION = YES;
				CLANG_WARN_DEPRECATED_OBJC_IMPLEMENTATIONS = YES;
				CLANG_WARN_DIRECT_OBJC_ISA_USAGE = YES_ERROR;
				CLANG_WARN_DOCUMENTATION_COMMENTS = YES;
				CLANG_WARN_EMPTY_BODY = YES;
				CLANG_WARN_ENUM_CONVERSION = YES;
				CLANG_WARN_INFINITE_RECURSION = YES;
				CLANG_WARN_INT_CONVERSION = YES;
				CLANG_WARN_NON_LITERAL_NULL_CONVERSION = YES;
				CLANG_WARN_OBJC_IMPLICIT_RETAIN_SELF = YES;
				CLANG_WARN_OBJC_LITERAL_CONVERSION = YES;
				CLANG_WARN_OBJC_ROOT_CLASS = YES_ERROR;
				CLANG_WARN_RANGE_LOOP_ANALYSIS = YES;
				CLANG_WARN_STRICT_PROTOTYPES = YES;
				CLANG_WARN_SUSPICIOUS_MOVE = YES;
				CLANG_WARN_UNGUARDED_AVAILABILITY = YES_AGGRESSIVE;
				CLANG_WARN_UNREACHABLE_CODE = YES;
				CLANG_WARN__DUPLICATE_METHOD_MATCH = YES;
				CODE_SIGN_IDENTITY = "iPhone Developer";
				COPY_PHASE_STRIP = NO;
				DEBUG_INFORMATION_FORMAT = dwarf;
				ENABLE_STRICT_OBJC_MSGSEND = YES;
				ENABLE_TESTABILITY = YES;
				GCC_C_LANGUAGE_STANDARD = gnu11;
				GCC_DYNAMIC_NO_PIC = NO;
				GCC_NO_COMMON_BLOCKS = YES;
				GCC_OPTIMIZATION_LEVEL = 0;
				GCC_PREPROCESSOR_DEFINITIONS = (
					"DEBUG=1",
					"$(inherited)",
				);
				GCC_WARN_64_TO_32_BIT_CONVERSION = YES;
				GCC_WARN_ABOUT_RETURN_TYPE = YES_ERROR;
				GCC_WARN_UNDECLARED_SELECTOR = YES;
				GCC_WARN_UNINITIALIZED_AUTOS = YES_AGGRESSIVE;
				GCC_WARN_UNUSED_FUNCTION = YES;
				GCC_WARN_UNUSED_VARIABLE = YES;
				IPHONEOS_DEPLOYMENT_TARGET = 12.2;
				MTL_ENABLE_DEBUG_INFO = INCLUDE_SOURCE;
				MTL_FAST_MATH = YES;
				ONLY_ACTIVE_ARCH = YES;
				SDKROOT = iphoneos;
			};
			name = Debug;
		};
		67206B5A229CDC0F00CD0A96 /* Release */ = {
			isa = XCBuildConfiguration;
			buildSettings = {
				ALWAYS_SEARCH_USER_PATHS = NO;
				CLANG_ANALYZER_NONNULL = YES;
				CLANG_ANALYZER_NUMBER_OBJECT_CONVERSION = YES_AGGRESSIVE;
				CLANG_CXX_LANGUAGE_STANDARD = "gnu++14";
				CLANG_CXX_LIBRARY = "libc++";
				CLANG_ENABLE_MODULES = YES;
				CLANG_ENABLE_OBJC_ARC = YES;
				CLANG_ENABLE_OBJC_WEAK = YES;
				CLANG_WARN_BLOCK_CAPTURE_AUTORELEASING = YES;
				CLANG_WARN_BOOL_CONVERSION = YES;
				CLANG_WARN_COMMA = YES;
				CLANG_WARN_CONSTANT_CONVERSION = YES;
				CLANG_WARN_DEPRECATED_OBJC_IMPLEMENTATIONS = YES;
				CLANG_WARN_DIRECT_OBJC_ISA_USAGE = YES_ERROR;
				CLANG_WARN_DOCUMENTATION_COMMENTS = YES;
				CLANG_WARN_EMPTY_BODY = YES;
				CLANG_WARN_ENUM_CONVERSION = YES;
				CLANG_WARN_INFINITE_RECURSION = YES;
				CLANG_WARN_INT_CONVERSION = YES;
				CLANG_WARN_NON_LITERAL_NULL_CONVERSION = YES;
				CLANG_WARN_OBJC_IMPLICIT_RETAIN_SELF = YES;
				CLANG_WARN_OBJC_LITERAL_CONVERSION = YES;
				CLANG_WARN_OBJC_ROOT_CLASS = YES_ERROR;
				CLANG_WARN_RANGE_LOOP_ANALYSIS = YES;
				CLANG_WARN_STRICT_PROTOTYPES = YES;
				CLANG_WARN_SUSPICIOUS_MOVE = YES;
				CLANG_WARN_UNGUARDED_AVAILABILITY = YES_AGGRESSIVE;
				CLANG_WARN_UNREACHABLE_CODE = YES;
				CLANG_WARN__DUPLICATE_METHOD_MATCH = YES;
				CODE_SIGN_IDENTITY = "iPhone Developer";
				COPY_PHASE_STRIP = NO;
				DEBUG_INFORMATION_FORMAT = "dwarf-with-dsym";
				ENABLE_NS_ASSERTIONS = NO;
				ENABLE_STRICT_OBJC_MSGSEND = YES;
				GCC_C_LANGUAGE_STANDARD = gnu11;
				GCC_NO_COMMON_BLOCKS = YES;
				GCC_WARN_64_TO_32_BIT_CONVERSION = YES;
				GCC_WARN_ABOUT_RETURN_TYPE = YES_ERROR;
				GCC_WARN_UNDECLARED_SELECTOR = YES;
				GCC_WARN_UNINITIALIZED_AUTOS = YES_AGGRESSIVE;
				GCC_WARN_UNUSED_FUNCTION = YES;
				GCC_WARN_UNUSED_VARIABLE = YES;
				IPHONEOS_DEPLOYMENT_TARGET = 12.2;
				MTL_ENABLE_DEBUG_INFO = NO;
				MTL_FAST_MATH = YES;
				SDKROOT = iphoneos;
				VALIDATE_PRODUCT = YES;
			};
			name = Release;
		};
		67206B5C229CDC0F00CD0A96 /* Debug */ = {
			isa = XCBuildConfiguration;
			buildSettings = {
				ASSETCATALOG_COMPILER_APPICON_NAME = AppIcon;
				CODE_SIGN_STYLE = Automatic;
				DEVELOPMENT_TEAM = 2ZF2YQF57N;
				INFOPLIST_FILE = UICollectionViewTetris/Info.plist;
				LD_RUNPATH_SEARCH_PATHS = (
					"$(inherited)",
					"@executable_path/Frameworks",
				);
				PRODUCT_BUNDLE_IDENTIFIER = com.shixianjun.UICollectionViewTetris;
				PRODUCT_NAME = "$(TARGET_NAME)";
				TARGETED_DEVICE_FAMILY = "1,2";
			};
			name = Debug;
		};
		67206B5D229CDC0F00CD0A96 /* Release */ = {
			isa = XCBuildConfiguration;
			buildSettings = {
				ASSETCATALOG_COMPILER_APPICON_NAME = AppIcon;
				CODE_SIGN_STYLE = Automatic;
				DEVELOPMENT_TEAM = 2ZF2YQF57N;
				INFOPLIST_FILE = UICollectionViewTetris/Info.plist;
				LD_RUNPATH_SEARCH_PATHS = (
					"$(inherited)",
					"@executable_path/Frameworks",
				);
				PRODUCT_BUNDLE_IDENTIFIER = com.shixianjun.UICollectionViewTetris;
				PRODUCT_NAME = "$(TARGET_NAME)";
				TARGETED_DEVICE_FAMILY = "1,2";
			};
			name = Release;
		};
		677A1EE0229E5C99007E97DF /* Debug */ = {
			isa = XCBuildConfiguration;
			buildSettings = {
				BUNDLE_LOADER = "$(TEST_HOST)";
				CODE_SIGN_STYLE = Automatic;
				DEVELOPMENT_TEAM = 2ZF2YQF57N;
				INFOPLIST_FILE = UICollectionViewTetrisTests/Info.plist;
				LD_RUNPATH_SEARCH_PATHS = (
					"$(inherited)",
					"@executable_path/Frameworks",
					"@loader_path/Frameworks",
				);
				PRODUCT_BUNDLE_IDENTIFIER = com.shixianjun.UICollectionViewTetrisTests;
				PRODUCT_NAME = "$(TARGET_NAME)";
				TARGETED_DEVICE_FAMILY = "1,2";
				TEST_HOST = "$(BUILT_PRODUCTS_DIR)/UICollectionViewTetris.app/UICollectionViewTetris";
			};
			name = Debug;
		};
		677A1EE1229E5C99007E97DF /* Release */ = {
			isa = XCBuildConfiguration;
			buildSettings = {
				BUNDLE_LOADER = "$(TEST_HOST)";
				CODE_SIGN_STYLE = Automatic;
				DEVELOPMENT_TEAM = 2ZF2YQF57N;
				INFOPLIST_FILE = UICollectionViewTetrisTests/Info.plist;
				LD_RUNPATH_SEARCH_PATHS = (
					"$(inherited)",
					"@executable_path/Frameworks",
					"@loader_path/Frameworks",
				);
				PRODUCT_BUNDLE_IDENTIFIER = com.shixianjun.UICollectionViewTetrisTests;
				PRODUCT_NAME = "$(TARGET_NAME)";
				TARGETED_DEVICE_FAMILY = "1,2";
				TEST_HOST = "$(BUILT_PRODUCTS_DIR)/UICollectionViewTetris.app/UICollectionViewTetris";
			};
			name = Release;
		};
/* End XCBuildConfiguration section */

/* Begin XCConfigurationList section */
		67206B40229CDC0E00CD0A96 /* Build configuration list for PBXProject "UICollectionViewTetris" */ = {
			isa = XCConfigurationList;
			buildConfigurations = (
				67206B59229CDC0F00CD0A96 /* Debug */,
				67206B5A229CDC0F00CD0A96 /* Release */,
			);
			defaultConfigurationIsVisible = 0;
			defaultConfigurationName = Release;
		};
		67206B5B229CDC0F00CD0A96 /* Build configuration list for PBXNativeTarget "UICollectionViewTetris" */ = {
			isa = XCConfigurationList;
			buildConfigurations = (
				67206B5C229CDC0F00CD0A96 /* Debug */,
				67206B5D229CDC0F00CD0A96 /* Release */,
			);
			defaultConfigurationIsVisible = 0;
			defaultConfigurationName = Release;
		};
		677A1EE2229E5C99007E97DF /* Build configuration list for PBXNativeTarget "UICollectionViewTetrisTests" */ = {
			isa = XCConfigurationList;
			buildConfigurations = (
				677A1EE0229E5C99007E97DF /* Debug */,
				677A1EE1229E5C99007E97DF /* Release */,
			);
			defaultConfigurationIsVisible = 0;
			defaultConfigurationName = Release;
		};
/* End XCConfigurationList section */
	};
	rootObject = 67206B3D229CDC0E00CD0A96 /* Project object */;
}
